
Microsoft Visual Studio Solution File, Format Version 12.00
# Visual Studio Version 17
VisualStudioVersion = 17.3.32901.215
MinimumVisualStudioVersion = 10.0.40219.1
Project("{9A19103F-16F7-4668-BE54-9A1E7A4F7556}") = "PsychoTestProject", "PsychoTestProject.csproj", "{DBAD2BCC-849C-44A6-878D-772DDD5B511D}"
EndProject
Project("{54435603-DBB4-11D2-8724-00A0C9A8B90C}") = "Setup", "..\Setup\Setup.vdproj", "{B7F0096C-58A6-4066-A313-BF58E7F16DDB}"
EndProject
Global
	GlobalSection(SolutionConfigurationPlatforms) = preSolution
		Debug|Any CPU = Debug|Any CPU
		Debug|x86 = Debug|x86
		Release|Any CPU = Release|Any CPU
		Release|x86 = Release|x86
	EndGlobalSection
	GlobalSection(ProjectConfigurationPlatforms) = postSolution
		{DBAD2BCC-849C-44A6-878D-772DDD5B511D}.Debug|Any CPU.ActiveCfg = Debug|Any CPU
		{DBAD2BCC-849C-44A6-878D-772DDD5B511D}.Debug|Any CPU.Build.0 = Debug|Any CPU
		{DBAD2BCC-849C-44A6-878D-772DDD5B511D}.Debug|x86.ActiveCfg = Release|x86
		{DBAD2BCC-849C-44A6-878D-772DDD5B511D}.Debug|x86.Build.0 = Release|x86
		{DBAD2BCC-849C-44A6-878D-772DDD5B511D}.Release|Any CPU.ActiveCfg = Release|Any CPU
		{DBAD2BCC-849C-44A6-878D-772DDD5B511D}.Release|Any CPU.Build.0 = Release|Any CPU
		{DBAD2BCC-849C-44A6-878D-772DDD5B511D}.Release|x86.ActiveCfg = Release|x86
		{DBAD2BCC-849C-44A6-878D-772DDD5B511D}.Release|x86.Build.0 = Release|x86
		{B7F0096C-58A6-4066-A313-BF58E7F16DDB}.Debug|Any CPU.ActiveCfg = Debug
		{B7F0096C-58A6-4066-A313-BF58E7F16DDB}.Debug|x86.ActiveCfg = Debug
		{B7F0096C-58A6-4066-A313-BF58E7F16DDB}.Release|Any CPU.ActiveCfg = Release
		{B7F0096C-58A6-4066-A313-BF58E7F16DDB}.Release|x86.ActiveCfg = Release
	EndGlobalSection
	GlobalSection(SolutionProperties) = preSolution
		HideSolutionNode = FALSE
	EndGlobalSection
	GlobalSection(ExtensibilityGlobals) = postSolution
		SolutionGuid = {BE8BAD05-728A-4EED-8784-0CF514C5EE21}
	EndGlobalSection
EndGlobal
